
Microsoft Visual Studio Solution File, Format Version 12.00
# Visual Studio Version 17
VisualStudioVersion = 17.9.34526.213
MinimumVisualStudioVersion = 10.0.40219.1
Project("{FAE04EC0-301F-11D3-BF4B-00C04F79EFBC}") = "Cache_Memo", "Cache_Memo\Cache_Memo.csproj", "{17A9B3D4-94B2-4007-B29C-ED6C2929E8F5}"
EndProject
Global
	GlobalSection(SolutionConfigurationPlatforms) = preSolution
		Debug|Any CPU = Debug|Any CPU
		Release|Any CPU = Release|Any CPU
	EndGlobalSection
	GlobalSection(ProjectConfigurationPlatforms) = postSolution
		{17A9B3D4-94B2-4007-B29C-ED6C2929E8F5}.Debug|Any CPU.ActiveCfg = Debug|Any CPU
		{17A9B3D4-94B2-4007-B29C-ED6C2929E8F5}.Debug|Any CPU.Build.0 = Debug|Any CPU
		{17A9B3D4-94B2-4007-B29C-ED6C2929E8F5}.Release|Any CPU.ActiveCfg = Release|Any CPU
		{17A9B3D4-94B2-4007-B29C-ED6C2929E8F5}.Release|Any CPU.Build.0 = Release|Any CPU
	EndGlobalSection
	GlobalSection(SolutionProperties) = preSolution
		HideSolutionNode = FALSE
	EndGlobalSection
	GlobalSection(ExtensibilityGlobals) = postSolution
		SolutionGuid = {4AC555BC-55D3-4051-B43C-806AB6E603E5}
	EndGlobalSection
EndGlobal
